{
  "name": "pkg1",
  "version": "1.0.0",
  "lockfileVersion": 2,
  "requires": true,
  "packages": {
    "": {
      "version": "1.0.0",
      "license": "MIT",
      "dependencies": {
        "pkg2": "file:../pkg2"
      }
    },
    "../pkg2": {
      "version": "1.0.0",
      "license": "MIT"
    },
    "node_modules/pkg2": {
      "resolved": "../pkg2",
      "link": true
    }
  },
  "dependencies": {
    "pkg2": {
      "version": "file:../pkg2"
    }
  }
}
