{
  "name": "client",
  "version": "1.0.0",
  "lockfileVersion": 2,
  "requires": true,
  "packages": {
    "": {
      "version": "1.0.0",
      "license": "MIT",
      "dependencies": {
        "pkg1": "file:packages/pkg1"
      }
    },
    "node_modules/pkg1": {
      "resolved": "packages/pkg1",
      "link": true
    },
    "packages/pkg1": {}
  },
  "dependencies": {
    "pkg1": {
      "version": "file:packages/pkg1"
    }
  }
}
